
Microsoft Visual Studio Solution File, Format Version 12.00
# Visual Studio Version 17
VisualStudioVersion = 17.8.34322.80
MinimumVisualStudioVersion = 10.0.40219.1
Project("{9A19103F-16F7-4668-BE54-9A1E7A4F7556}") = "CS3", "CS\CS3.csproj", "{B6F5E7F4-2535-4A02-85E3-278BE40563F1}"
EndProject
Project("{2150E333-8FDC-42A3-9474-1A3956D46DE8}") = "lab1", "lab1", "{38EB82D1-89B3-4AB8-A84E-8CE5B40D868B}"
EndProject
Project("{9A19103F-16F7-4668-BE54-9A1E7A4F7556}") = "CS4", "..\CS4\CS4\CS4.csproj", "{32925FD9-FD27-49FF-9DF8-41611DADBC43}"
EndProject
Project("{9A19103F-16F7-4668-BE54-9A1E7A4F7556}") = "CS6", "..\CS6\CS6\CS6.csproj", "{F9ACAD3E-6BBE-4CF2-980A-695636A55634}"
EndProject
Project("{9A19103F-16F7-4668-BE54-9A1E7A4F7556}") = "CS2", "..\CS2\CS2\CS2.csproj", "{A9B9D3CB-2CAC-442B-97A4-CDC248805740}"
EndProject
Project("{9A19103F-16F7-4668-BE54-9A1E7A4F7556}") = "CS5", "..\CS5\CS5\CS5.csproj", "{3B62FC64-5E77-4E9F-9903-1C904EC0AC10}"
EndProject
Project("{2150E333-8FDC-42A3-9474-1A3956D46DE8}") = "lab2", "lab2", "{1B0B7CAF-EFC6-45C4-8209-7DA6BEE51830}"
EndProject
Project("{9A19103F-16F7-4668-BE54-9A1E7A4F7556}") = "2CS4", "..\Integral\Integral\2CS4.csproj", "{60CCBD2D-1B7C-4F22-A527-BC2E17FD8DC5}"
EndProject
Project("{9A19103F-16F7-4668-BE54-9A1E7A4F7556}") = "CS1", "..\Kardano\Kardano\CS1.csproj", "{0B711A5E-E6EC-40CC-8ACE-C4FD76877881}"
EndProject
Project("{9A19103F-16F7-4668-BE54-9A1E7A4F7556}") = "2CS1", "..\St\St\2CS1.csproj", "{1CC24FBF-6419-4790-B60B-76008FA8AE01}"
EndProject
Global
	GlobalSection(SolutionConfigurationPlatforms) = preSolution
		Debug|Any CPU = Debug|Any CPU
		Release|Any CPU = Release|Any CPU
	EndGlobalSection
	GlobalSection(ProjectConfigurationPlatforms) = postSolution
		{B6F5E7F4-2535-4A02-85E3-278BE40563F1}.Debug|Any CPU.ActiveCfg = Debug|Any CPU
		{B6F5E7F4-2535-4A02-85E3-278BE40563F1}.Debug|Any CPU.Build.0 = Debug|Any CPU
		{B6F5E7F4-2535-4A02-85E3-278BE40563F1}.Release|Any CPU.ActiveCfg = Release|Any CPU
		{B6F5E7F4-2535-4A02-85E3-278BE40563F1}.Release|Any CPU.Build.0 = Release|Any CPU
		{32925FD9-FD27-49FF-9DF8-41611DADBC43}.Debug|Any CPU.ActiveCfg = Debug|Any CPU
		{32925FD9-FD27-49FF-9DF8-41611DADBC43}.Debug|Any CPU.Build.0 = Debug|Any CPU
		{32925FD9-FD27-49FF-9DF8-41611DADBC43}.Release|Any CPU.ActiveCfg = Release|Any CPU
		{32925FD9-FD27-49FF-9DF8-41611DADBC43}.Release|Any CPU.Build.0 = Release|Any CPU
		{F9ACAD3E-6BBE-4CF2-980A-695636A55634}.Debug|Any CPU.ActiveCfg = Debug|Any CPU
		{F9ACAD3E-6BBE-4CF2-980A-695636A55634}.Debug|Any CPU.Build.0 = Debug|Any CPU
		{F9ACAD3E-6BBE-4CF2-980A-695636A55634}.Release|Any CPU.ActiveCfg = Release|Any CPU
		{F9ACAD3E-6BBE-4CF2-980A-695636A55634}.Release|Any CPU.Build.0 = Release|Any CPU
		{A9B9D3CB-2CAC-442B-97A4-CDC248805740}.Debug|Any CPU.ActiveCfg = Debug|Any CPU
		{A9B9D3CB-2CAC-442B-97A4-CDC248805740}.Debug|Any CPU.Build.0 = Debug|Any CPU
		{A9B9D3CB-2CAC-442B-97A4-CDC248805740}.Release|Any CPU.ActiveCfg = Release|Any CPU
		{A9B9D3CB-2CAC-442B-97A4-CDC248805740}.Release|Any CPU.Build.0 = Release|Any CPU
		{3B62FC64-5E77-4E9F-9903-1C904EC0AC10}.Debug|Any CPU.ActiveCfg = Debug|Any CPU
		{3B62FC64-5E77-4E9F-9903-1C904EC0AC10}.Debug|Any CPU.Build.0 = Debug|Any CPU
		{3B62FC64-5E77-4E9F-9903-1C904EC0AC10}.Release|Any CPU.ActiveCfg = Release|Any CPU
		{3B62FC64-5E77-4E9F-9903-1C904EC0AC10}.Release|Any CPU.Build.0 = Release|Any CPU
		{60CCBD2D-1B7C-4F22-A527-BC2E17FD8DC5}.Debug|Any CPU.ActiveCfg = Debug|Any CPU
		{60CCBD2D-1B7C-4F22-A527-BC2E17FD8DC5}.Debug|Any CPU.Build.0 = Debug|Any CPU
		{60CCBD2D-1B7C-4F22-A527-BC2E17FD8DC5}.Release|Any CPU.ActiveCfg = Release|Any CPU
		{60CCBD2D-1B7C-4F22-A527-BC2E17FD8DC5}.Release|Any CPU.Build.0 = Release|Any CPU
		{0B711A5E-E6EC-40CC-8ACE-C4FD76877881}.Debug|Any CPU.ActiveCfg = Debug|Any CPU
		{0B711A5E-E6EC-40CC-8ACE-C4FD76877881}.Debug|Any CPU.Build.0 = Debug|Any CPU
		{0B711A5E-E6EC-40CC-8ACE-C4FD76877881}.Release|Any CPU.ActiveCfg = Release|Any CPU
		{0B711A5E-E6EC-40CC-8ACE-C4FD76877881}.Release|Any CPU.Build.0 = Release|Any CPU
		{1CC24FBF-6419-4790-B60B-76008FA8AE01}.Debug|Any CPU.ActiveCfg = Debug|Any CPU
		{1CC24FBF-6419-4790-B60B-76008FA8AE01}.Debug|Any CPU.Build.0 = Debug|Any CPU
		{1CC24FBF-6419-4790-B60B-76008FA8AE01}.Release|Any CPU.ActiveCfg = Release|Any CPU
		{1CC24FBF-6419-4790-B60B-76008FA8AE01}.Release|Any CPU.Build.0 = Release|Any CPU
	EndGlobalSection
	GlobalSection(SolutionProperties) = preSolution
		HideSolutionNode = FALSE
	EndGlobalSection
	GlobalSection(NestedProjects) = preSolution
		{B6F5E7F4-2535-4A02-85E3-278BE40563F1} = {38EB82D1-89B3-4AB8-A84E-8CE5B40D868B}
		{32925FD9-FD27-49FF-9DF8-41611DADBC43} = {38EB82D1-89B3-4AB8-A84E-8CE5B40D868B}
		{F9ACAD3E-6BBE-4CF2-980A-695636A55634} = {38EB82D1-89B3-4AB8-A84E-8CE5B40D868B}
		{A9B9D3CB-2CAC-442B-97A4-CDC248805740} = {38EB82D1-89B3-4AB8-A84E-8CE5B40D868B}
		{3B62FC64-5E77-4E9F-9903-1C904EC0AC10} = {38EB82D1-89B3-4AB8-A84E-8CE5B40D868B}
		{60CCBD2D-1B7C-4F22-A527-BC2E17FD8DC5} = {1B0B7CAF-EFC6-45C4-8209-7DA6BEE51830}
		{0B711A5E-E6EC-40CC-8ACE-C4FD76877881} = {38EB82D1-89B3-4AB8-A84E-8CE5B40D868B}
		{1CC24FBF-6419-4790-B60B-76008FA8AE01} = {1B0B7CAF-EFC6-45C4-8209-7DA6BEE51830}
	EndGlobalSection
	GlobalSection(ExtensibilityGlobals) = postSolution
		SolutionGuid = {C0689334-1878-4CC2-8680-EC4F1AA15B55}
	EndGlobalSection
EndGlobal
